
Microsoft Visual Studio Solution File, Format Version 12.00
# Visual Studio Version 17
VisualStudioVersion = 17.12.35707.178 d17.12
MinimumVisualStudioVersion = 10.0.40219.1
Project("{FAE04EC0-301F-11D3-BF4B-00C04F79EFBC}") = "Transit.Server", "Transit.Server\Transit.Server.csproj", "{D4DCAB6F-5D46-45F4-80B7-F1978A5314FD}"
EndProject
Project("{FAE04EC0-301F-11D3-BF4B-00C04F79EFBC}") = "Transit.AppHost", "Transit.AppHost\Transit.AppHost.csproj", "{31276D33-5968-4A7B-872D-0AB161364FDB}"
EndProject
Project("{FAE04EC0-301F-11D3-BF4B-00C04F79EFBC}") = "Transit.ServiceDefaults", "Transit.ServiceDefaults\Transit.ServiceDefaults.csproj", "{97B66A02-6DB2-477F-BADC-4C924631E753}"
EndProject
Project("{54A90642-561A-4BB1-A94E-469ADEE60C69}") = "transit.client", "transit.client\transit.client.esproj", "{136232B2-2359-4E24-8C79-39A2E2253499}"
EndProject
Global
	GlobalSection(SolutionConfigurationPlatforms) = preSolution
		Debug|Any CPU = Debug|Any CPU
		Release|Any CPU = Release|Any CPU
	EndGlobalSection
	GlobalSection(ProjectConfigurationPlatforms) = postSolution
		{D4DCAB6F-5D46-45F4-80B7-F1978A5314FD}.Debug|Any CPU.ActiveCfg = Debug|Any CPU
		{D4DCAB6F-5D46-45F4-80B7-F1978A5314FD}.Debug|Any CPU.Build.0 = Debug|Any CPU
		{D4DCAB6F-5D46-45F4-80B7-F1978A5314FD}.Release|Any CPU.ActiveCfg = Release|Any CPU
		{D4DCAB6F-5D46-45F4-80B7-F1978A5314FD}.Release|Any CPU.Build.0 = Release|Any CPU
		{31276D33-5968-4A7B-872D-0AB161364FDB}.Debug|Any CPU.ActiveCfg = Debug|Any CPU
		{31276D33-5968-4A7B-872D-0AB161364FDB}.Debug|Any CPU.Build.0 = Debug|Any CPU
		{31276D33-5968-4A7B-872D-0AB161364FDB}.Release|Any CPU.ActiveCfg = Release|Any CPU
		{31276D33-5968-4A7B-872D-0AB161364FDB}.Release|Any CPU.Build.0 = Release|Any CPU
		{97B66A02-6DB2-477F-BADC-4C924631E753}.Debug|Any CPU.ActiveCfg = Debug|Any CPU
		{97B66A02-6DB2-477F-BADC-4C924631E753}.Debug|Any CPU.Build.0 = Debug|Any CPU
		{97B66A02-6DB2-477F-BADC-4C924631E753}.Release|Any CPU.ActiveCfg = Release|Any CPU
		{97B66A02-6DB2-477F-BADC-4C924631E753}.Release|Any CPU.Build.0 = Release|Any CPU
		{136232B2-2359-4E24-8C79-39A2E2253499}.Debug|Any CPU.ActiveCfg = Debug|Any CPU
		{136232B2-2359-4E24-8C79-39A2E2253499}.Debug|Any CPU.Build.0 = Debug|Any CPU
		{136232B2-2359-4E24-8C79-39A2E2253499}.Debug|Any CPU.Deploy.0 = Debug|Any CPU
		{136232B2-2359-4E24-8C79-39A2E2253499}.Release|Any CPU.ActiveCfg = Release|Any CPU
		{136232B2-2359-4E24-8C79-39A2E2253499}.Release|Any CPU.Build.0 = Release|Any CPU
		{136232B2-2359-4E24-8C79-39A2E2253499}.Release|Any CPU.Deploy.0 = Release|Any CPU
	EndGlobalSection
	GlobalSection(SolutionProperties) = preSolution
		HideSolutionNode = FALSE
	EndGlobalSection
EndGlobal
